# THIS IS AN AUTOGENERATED FILE. DO NOT EDIT THIS FILE DIRECTLY.
# yarn lockfile v1


highlight.js@^10.1.2:
  version "10.1.2"
  resolved "https://registry.yarnpkg.com/highlight.js/-/highlight.js-10.1.2.tgz#c20db951ba1c22c055010648dfffd7b2a968e00c"
  integrity sha512-Q39v/Mn5mfBlMff9r+zzA+gWxRsCRKwEMvYTiisLr/XUiFI/4puWt0Ojdko3R3JCNWGdOWaA5g/Yxqa23kC5AA==

navy-scheme@^0.0.1:
  version "0.0.1"
  resolved "https://registry.npm.taobao.org/navy-scheme/download/navy-scheme-0.0.1.tgz#0d4ffc01e65b62d421d78df758cfe075cbaedaf7"
  integrity sha1-DU/8AeZbYtQh1433WM/gdcuu2vc=
