# THIS IS AN AUTOGENERATED FILE. DO NOT EDIT THIS FILE DIRECTLY.
# yarn lockfile v1


highlight.js@^9.15.10:
  version "9.15.10"
  resolved "https://registry.npm.taobao.org/highlight.js/download/highlight.js-9.15.10.tgz#7b18ed75c90348c045eef9ed08ca1319a2219ad2"
  integrity sha1-exjtdckDSMBF7vntCMoTGaIhmtI=

navy-scheme@^0.0.1:
  version "0.0.1"
  resolved "https://registry.npm.taobao.org/navy-scheme/download/navy-scheme-0.0.1.tgz#0d4ffc01e65b62d421d78df758cfe075cbaedaf7"
  integrity sha1-DU/8AeZbYtQh1433WM/gdcuu2vc=
